
Microsoft Visual Studio Solution File, Format Version 12.00
# Visual Studio 2013
VisualStudioVersion = 12.0.31101.0
MinimumVisualStudioVersion = 10.0.40219.1
Project("{FAE04EC0-301F-11D3-BF4B-00C04F79EFBC}") = "TeamWork", "TeamWork\TeamWork.csproj", "{02922266-D77B-4C0A-90DE-36299684C938}"
EndProject
Project("{FAE04EC0-301F-11D3-BF4B-00C04F79EFBC}") = "TeamWork.BLL", "TeamWork.BLL\TeamWork.BLL.csproj", "{24DE2276-A1C9-488B-B579-3B579F7D45E1}"
EndProject
Project("{FAE04EC0-301F-11D3-BF4B-00C04F79EFBC}") = "TeamWork.DAL", "TeamWork.DAL\TeamWork.DAL.csproj", "{DF9555F8-F466-4C8A-B9E2-6C943E6CBB4F}"
EndProject
Global
	GlobalSection(SolutionConfigurationPlatforms) = preSolution
		Debug|Any CPU = Debug|Any CPU
		Release|Any CPU = Release|Any CPU
	EndGlobalSection
	GlobalSection(ProjectConfigurationPlatforms) = postSolution
		{02922266-D77B-4C0A-90DE-36299684C938}.Debug|Any CPU.ActiveCfg = Debug|Any CPU
		{02922266-D77B-4C0A-90DE-36299684C938}.Debug|Any CPU.Build.0 = Debug|Any CPU
		{02922266-D77B-4C0A-90DE-36299684C938}.Debug|Any CPU.Deploy.0 = Debug|Any CPU
		{02922266-D77B-4C0A-90DE-36299684C938}.Release|Any CPU.ActiveCfg = Release|Any CPU
		{02922266-D77B-4C0A-90DE-36299684C938}.Release|Any CPU.Build.0 = Release|Any CPU
		{24DE2276-A1C9-488B-B579-3B579F7D45E1}.Debug|Any CPU.ActiveCfg = Debug|Any CPU
		{24DE2276-A1C9-488B-B579-3B579F7D45E1}.Debug|Any CPU.Build.0 = Debug|Any CPU
		{24DE2276-A1C9-488B-B579-3B579F7D45E1}.Release|Any CPU.ActiveCfg = Release|Any CPU
		{24DE2276-A1C9-488B-B579-3B579F7D45E1}.Release|Any CPU.Build.0 = Release|Any CPU
		{DF9555F8-F466-4C8A-B9E2-6C943E6CBB4F}.Debug|Any CPU.ActiveCfg = Debug|Any CPU
		{DF9555F8-F466-4C8A-B9E2-6C943E6CBB4F}.Debug|Any CPU.Build.0 = Debug|Any CPU
		{DF9555F8-F466-4C8A-B9E2-6C943E6CBB4F}.Release|Any CPU.ActiveCfg = Release|Any CPU
		{DF9555F8-F466-4C8A-B9E2-6C943E6CBB4F}.Release|Any CPU.Build.0 = Release|Any CPU
	EndGlobalSection
	GlobalSection(SolutionProperties) = preSolution
		HideSolutionNode = FALSE
	EndGlobalSection
EndGlobal
